# This file was autogenerated by Stack.
# You should not edit this file by hand.
# For more information, please see the documentation at:
#   https://docs.haskellstack.org/en/stable/lock_files

packages:
- completed:
    name: direct-sqlite
    version: 2.3.27
    git: https://github.com/kikaitech/direct-sqlite
    pantry-tree:
      size: 1141
      sha256: 200db7ae99a6e45dc87da0a686f2d4dddbd9266163b3d5705afbadf48af0d6df
    commit: 7052cdf70815830471cfa9889f516d8fe3194e41
  original:
    git: https://github.com/kikaitech/direct-sqlite
    commit: 7052cdf70815830471cfa9889f516d8fe3194e41
snapshots:
- completed:
    size: 532177
    url: https://raw.githubusercontent.com/commercialhaskell/stackage-snapshots/master/lts/16/20.yaml
    sha256: 0e14ba5603f01e8496e8984fd84b545a012ca723f51a098c6c9d3694e404dc6d
  original: lts-16.20
