# This file was autogenerated by Stack.
# You should not edit this file by hand.
# For more information, please see the documentation at:
#   https://docs.haskellstack.org/en/stable/lock_files

packages:
- completed:
    name: direct-sqlite
    version: 2.3.26
    git: https://github.com/kikaitech/direct-sqlite
    pantry-tree:
      size: 1141
      sha256: 9d3a8b006cb26dd8a55b8025eab86471b511e92f5d53dd5980a5d40e9b1bda30
    commit: 9faf394c70c5ca870b8749ce143736fd322507e4
  original:
    git: https://github.com/kikaitech/direct-sqlite
    commit: 9faf394c70c5ca870b8749ce143736fd322507e4
snapshots:
- completed:
    size: 532177
    url: https://raw.githubusercontent.com/commercialhaskell/stackage-snapshots/master/lts/16/20.yaml
    sha256: 0e14ba5603f01e8496e8984fd84b545a012ca723f51a098c6c9d3694e404dc6d
  original: lts-16.20
